
Microsoft Visual Studio Solution File, Format Version 12.00
# Visual Studio 14
VisualStudioVersion = 14.0.25420.1
MinimumVisualStudioVersion = 10.0.40219.1
Project("{FAE04EC0-301F-11D3-BF4B-00C04F79EFBC}") = "es 01", "es 01\es 01.csproj", "{8F80365F-BA5F-4E48-B31F-1DD834002B7E}"
EndProject
Project("{FAE04EC0-301F-11D3-BF4B-00C04F79EFBC}") = "es 02", "es 02\es 02.csproj", "{D7E6488D-81B8-4BD2-B822-7A4F3F5A319C}"
EndProject
Project("{FAE04EC0-301F-11D3-BF4B-00C04F79EFBC}") = "es 03", "es 03\es 03.csproj", "{A720E855-0EB2-4751-9C5C-3C612828253B}"
EndProject
Project("{FAE04EC0-301F-11D3-BF4B-00C04F79EFBC}") = "es 04", "es 04\es 04.csproj", "{4C0A0CF1-D600-425E-863B-1A4682A6307C}"
EndProject
Project("{FAE04EC0-301F-11D3-BF4B-00C04F79EFBC}") = "es 05", "es 05\es 05.csproj", "{3E8B0292-0E68-4F07-9852-D1AF47D258AA}"
EndProject
Project("{FAE04EC0-301F-11D3-BF4B-00C04F79EFBC}") = "es 06", "es 06\es 06.csproj", "{C01CA8A9-633A-4EF7-99FD-C16976C3C531}"
EndProject
Project("{FAE04EC0-301F-11D3-BF4B-00C04F79EFBC}") = "es 07", "es 07\es 07.csproj", "{E83CF61B-C2BD-4B6C-8805-0F28B7AE3676}"
EndProject
Project("{FAE04EC0-301F-11D3-BF4B-00C04F79EFBC}") = "es 08", "es 08\es 08.csproj", "{CD85869F-400F-4240-9CAB-2589FE2D4595}"
EndProject
Project("{FAE04EC0-301F-11D3-BF4B-00C04F79EFBC}") = "es 09", "es 09\es 09.csproj", "{87DAE9C2-08BA-4DD7-84D6-D1555252E90E}"
EndProject
Project("{FAE04EC0-301F-11D3-BF4B-00C04F79EFBC}") = "es 10", "es 10\es 10.csproj", "{3E6D18CB-DF7F-40C9-A5EF-9A3A52A7F637}"
EndProject
Global
	GlobalSection(SolutionConfigurationPlatforms) = preSolution
		Debug|Any CPU = Debug|Any CPU
		Release|Any CPU = Release|Any CPU
	EndGlobalSection
	GlobalSection(ProjectConfigurationPlatforms) = postSolution
		{8F80365F-BA5F-4E48-B31F-1DD834002B7E}.Debug|Any CPU.ActiveCfg = Debug|Any CPU
		{8F80365F-BA5F-4E48-B31F-1DD834002B7E}.Debug|Any CPU.Build.0 = Debug|Any CPU
		{8F80365F-BA5F-4E48-B31F-1DD834002B7E}.Release|Any CPU.ActiveCfg = Release|Any CPU
		{8F80365F-BA5F-4E48-B31F-1DD834002B7E}.Release|Any CPU.Build.0 = Release|Any CPU
		{D7E6488D-81B8-4BD2-B822-7A4F3F5A319C}.Debug|Any CPU.ActiveCfg = Debug|Any CPU
		{D7E6488D-81B8-4BD2-B822-7A4F3F5A319C}.Debug|Any CPU.Build.0 = Debug|Any CPU
		{D7E6488D-81B8-4BD2-B822-7A4F3F5A319C}.Release|Any CPU.ActiveCfg = Release|Any CPU
		{D7E6488D-81B8-4BD2-B822-7A4F3F5A319C}.Release|Any CPU.Build.0 = Release|Any CPU
		{A720E855-0EB2-4751-9C5C-3C612828253B}.Debug|Any CPU.ActiveCfg = Debug|Any CPU
		{A720E855-0EB2-4751-9C5C-3C612828253B}.Debug|Any CPU.Build.0 = Debug|Any CPU
		{A720E855-0EB2-4751-9C5C-3C612828253B}.Release|Any CPU.ActiveCfg = Release|Any CPU
		{A720E855-0EB2-4751-9C5C-3C612828253B}.Release|Any CPU.Build.0 = Release|Any CPU
		{4C0A0CF1-D600-425E-863B-1A4682A6307C}.Debug|Any CPU.ActiveCfg = Debug|Any CPU
		{4C0A0CF1-D600-425E-863B-1A4682A6307C}.Debug|Any CPU.Build.0 = Debug|Any CPU
		{4C0A0CF1-D600-425E-863B-1A4682A6307C}.Release|Any CPU.ActiveCfg = Release|Any CPU
		{4C0A0CF1-D600-425E-863B-1A4682A6307C}.Release|Any CPU.Build.0 = Release|Any CPU
		{3E8B0292-0E68-4F07-9852-D1AF47D258AA}.Debug|Any CPU.ActiveCfg = Debug|Any CPU
		{3E8B0292-0E68-4F07-9852-D1AF47D258AA}.Debug|Any CPU.Build.0 = Debug|Any CPU
		{3E8B0292-0E68-4F07-9852-D1AF47D258AA}.Release|Any CPU.ActiveCfg = Release|Any CPU
		{3E8B0292-0E68-4F07-9852-D1AF47D258AA}.Release|Any CPU.Build.0 = Release|Any CPU
		{C01CA8A9-633A-4EF7-99FD-C16976C3C531}.Debug|Any CPU.ActiveCfg = Debug|Any CPU
		{C01CA8A9-633A-4EF7-99FD-C16976C3C531}.Debug|Any CPU.Build.0 = Debug|Any CPU
		{C01CA8A9-633A-4EF7-99FD-C16976C3C531}.Release|Any CPU.ActiveCfg = Release|Any CPU
		{C01CA8A9-633A-4EF7-99FD-C16976C3C531}.Release|Any CPU.Build.0 = Release|Any CPU
		{E83CF61B-C2BD-4B6C-8805-0F28B7AE3676}.Debug|Any CPU.ActiveCfg = Debug|Any CPU
		{E83CF61B-C2BD-4B6C-8805-0F28B7AE3676}.Debug|Any CPU.Build.0 = Debug|Any CPU
		{E83CF61B-C2BD-4B6C-8805-0F28B7AE3676}.Release|Any CPU.ActiveCfg = Release|Any CPU
		{E83CF61B-C2BD-4B6C-8805-0F28B7AE3676}.Release|Any CPU.Build.0 = Release|Any CPU
		{CD85869F-400F-4240-9CAB-2589FE2D4595}.Debug|Any CPU.ActiveCfg = Debug|Any CPU
		{CD85869F-400F-4240-9CAB-2589FE2D4595}.Debug|Any CPU.Build.0 = Debug|Any CPU
		{CD85869F-400F-4240-9CAB-2589FE2D4595}.Release|Any CPU.ActiveCfg = Release|Any CPU
		{CD85869F-400F-4240-9CAB-2589FE2D4595}.Release|Any CPU.Build.0 = Release|Any CPU
		{87DAE9C2-08BA-4DD7-84D6-D1555252E90E}.Debug|Any CPU.ActiveCfg = Debug|Any CPU
		{87DAE9C2-08BA-4DD7-84D6-D1555252E90E}.Debug|Any CPU.Build.0 = Debug|Any CPU
		{87DAE9C2-08BA-4DD7-84D6-D1555252E90E}.Release|Any CPU.ActiveCfg = Release|Any CPU
		{87DAE9C2-08BA-4DD7-84D6-D1555252E90E}.Release|Any CPU.Build.0 = Release|Any CPU
		{3E6D18CB-DF7F-40C9-A5EF-9A3A52A7F637}.Debug|Any CPU.ActiveCfg = Debug|Any CPU
		{3E6D18CB-DF7F-40C9-A5EF-9A3A52A7F637}.Debug|Any CPU.Build.0 = Debug|Any CPU
		{3E6D18CB-DF7F-40C9-A5EF-9A3A52A7F637}.Release|Any CPU.ActiveCfg = Release|Any CPU
		{3E6D18CB-DF7F-40C9-A5EF-9A3A52A7F637}.Release|Any CPU.Build.0 = Release|Any CPU
	EndGlobalSection
	GlobalSection(SolutionProperties) = preSolution
		HideSolutionNode = FALSE
	EndGlobalSection
EndGlobal
